# @generated by Move, please check-in and do not edit manually.

[move]
version = 3
manifest_digest = "830E419BC1B38CA265C541C87F4A7AF2A55BE09001F7B7965B47C25E72C8B75E"
deps_digest = "F8BBB0CCB2491CA29A3DF03D6F92277A4F3574266507ACD77214D37ECA3F3082"

dependencies = [
  { id = "Sui", name = "Sui" },
]

[[move.package]]
id = "MoveStdlib"
source = { git = "https://github.com/MystenLabs/sui.git", rev = "framework/testnet", subdir = "crates/sui-framework/packages/move-stdlib" }

[[move.package]]
id = "Sui"
source = { git = "https://github.com/MystenLabs/sui.git", rev = "framework/testnet", subdir = "crates/sui-framework/packages/sui-framework" }

dependencies = [
  { id = "MoveStdlib", name = "MoveStdlib" },
]

[move.toolchain-version]
compiler-version = "1.37.1"
edition = "2024.beta"
flavor = "sui"

[env]

[env.devnet]
chain-id = "053c32ad"
original-published-id = "0x54991a701f11957028814fdd64de44bd25349f7f7ea9ece7771092f164ead5be"
latest-published-id = "0x54991a701f11957028814fdd64de44bd25349f7f7ea9ece7771092f164ead5be"
published-version = "1"

[env.testnet]
chain-id = "4c78adac"
original-published-id = "0x5613e7f924cb9cd8e7607fd208f463876fe6f8099f75403d10f667bd06bfeabf"
latest-published-id = "0x5613e7f924cb9cd8e7607fd208f463876fe6f8099f75403d10f667bd06bfeabf"
published-version = "1"
